{
  "name": "browser-manager",
  "version": "1.0.0",
  "lockfileVersion": 3,
  "requires": true,
  "packages": {
    "": {
      "name": "browser-manager",
      "version": "1.0.0",
      "hasInstallScript": true,
      "license": "ISC",
      "dependencies": {
        "fingerprint-generator": "^2.1.88",
        "proxy-chain": "^3.0.1"
      },
      "devDependencies": {
        "electron": "^44.5.1",
        "playwright-core": "^1.63.0"
      }
    },
    "node_modules/@electron-internal/extract-zip": {
      "version": "1.0.5",
      "resolved": "https://registry.npmjs.org/@electron-internal/extract-zip/-/extract-zip-1.0.5.tgz",
      "integrity": "sha512-+bqFCP98pLI0Tt0XQo1TmlXtwjWchISndDOxCkEcIuUgXWpBnLyRI+2DU+mesvnMMX6L1XDqYNA0lXNDHd/yiA==",
      "dev": true,
      "license": "BSD-2-Clause",
      "engines": {
        "node": ">=22.12.0"
      }
    },
    "node_modules/@electron/get": {
      "version": "5.1.0",
      "resolved": "https://registry.npmjs.org/@electron/get/-/get-5.1.0.tgz",
      "integrity": "sha512-3kSBtG8ObcTVfXanm5vVJ6UnBLEVmVsRk1M+vGqCuMBV+XLCbJYuWQful+yIy0GQDsSlK0kHEriEHn7SPk4EnA==",
      "dev": true,
      "license": "MIT",
      "dependencies": {
        "debug": "^4.1.1",
        "env-paths": "^3.0.0",
        "graceful-fs": "^4.2.11",
        "progress": "^2.0.3",
        "semver": "^7.6.3",
        "sumchecker": "^3.0.1"
      },
      "engines": {
        "node": ">=22.12.0"
      },
      "optionalDependencies": {
        "undici": "^7.24.4"
      }
    },
    "node_modules/@sindresorhus/is": {
      "version": "4.6.0",
      "resolved": "https://registry.npmjs.org/@sindresorhus/is/-/is-4.6.0.tgz",
      "integrity": "sha512-t09vSN3MdfsyCHoFcTRCH/iUtG7OJ0CsjzB8cjAmKc/va/kIgeDI/TxsigdncE/4be734m0cvIYwNaV4i2XqAw==",
      "license": "MIT",
      "engines": {
        "node": ">=10"
      },
      "funding": {
        "url": "https://github.com/sindresorhus/is?sponsor=1"
      }
    },
    "node_modules/@types/node": {
      "version": "24.19.1",
      "resolved": "https://registry.npmjs.org/@types/node/-/node-24.19.1.tgz",
      "integrity": "sha512-aS3/DG0oM05K0RIXXP+hKjinGG5IgSSVGzswZxW3O0sS3pH4/fycXundUC9XsszgKCk4gHXylTEK6hyFxVxnoQ==",
      "dev": true,
      "license": "MIT",
      "dependencies": {
        "undici-types": ">=7.24.0 <7.24.7"
      }
    },
    "node_modules/adm-zip": {
      "version": "0.6.1",
      "resolved": "https://registry.npmjs.org/adm-zip/-/adm-zip-0.6.1.tgz",
      "integrity": "sha512-Xwrja8nx9e5o2N1my4DsKCeKpdrnACyr1wtbPxBDgGzKzKyE9kRtBFA8mWldI+RVlD7CBZNWY/wQ2+ydwOR6kQ==",
      "license": "MIT",
      "engines": {
        "node": ">=14.0"
      }
    },
    "node_modules/agent-base": {
      "version": "9.0.0",
      "resolved": "https://registry.npmjs.org/agent-base/-/agent-base-9.0.0.tgz",
      "integrity": "sha512-TQf59BsZnytt8GdJKLPfUZ54g/iaUL2OWDSFCCvMOhsHduDQxO8xC4PNeyIkVcA5KwL2phPSv0douC0fgWzmnA==",
      "license": "MIT",
      "engines": {
        "node": ">= 20"
      }
    },
    "node_modules/baseline-browser-mapping": {
      "version": "2.11.27",
      "resolved": "https://registry.npmjs.org/baseline-browser-mapping/-/baseline-browser-mapping-2.11.27.tgz",
      "integrity": "sha512-ElY12DaROGuan+lMmZ8Cvo/ZUbXPe7Enc/9VU/b1T3Kp4dwytRcNdR8DoSJN5SNJT/CuvcCA0DHDVmMOCePdRQ==",
      "license": "Apache-2.0",
      "bin": {
        "baseline-browser-mapping": "dist/cli.cjs"
      },
      "engines": {
        "node": ">=6.0.0"
      }
    },
    "node_modules/browserslist": {
      "version": "4.29.3",
      "resolved": "https://registry.npmjs.org/browserslist/-/browserslist-4.29.3.tgz",
      "integrity": "sha512-1R4kiYKXGViqEN0CnoDrXc1StD9niAwu+j2dukWzrD4bJgsD4lDmEp0CRbc6E/vYJIfTHwPmwyaKtVSudICdPA==",
      "funding": [
        {
          "type": "opencollective",
          "url": "https://opencollective.com/browserslist"
        },
        {
          "type": "tidelift",
          "url": "https://tidelift.com/funding/github/npm/browserslist"
        },
        {
          "type": "github",
          "url": "https://github.com/sponsors/ai"
        }
      ],
      "license": "MIT",
      "dependencies": {
        "baseline-browser-mapping": "^2.11.26",
        "caniuse-lite": "^1.0.30001813",
        "electron-to-chromium": "^1.5.439",
        "node-releases": "^2.0.57",
        "update-browserslist-db": "^1.3.3"
      },
      "bin": {
        "browserslist": "cli.js"
      },
      "engines": {
        "node": "^6 || ^7 || ^8 || ^9 || ^10 || ^11 || ^12 || >=13.7"
      }
    },
    "node_modules/callsites": {
      "version": "3.1.0",
      "resolved": "https://registry.npmjs.org/callsites/-/callsites-3.1.0.tgz",
      "integrity": "sha512-P8BjAsXvZS+VIDUI11hHCQEv74YT67YUi5JJFNWIqL235sBmjX4+qx9Muvls5ivyNENctx46xQLQ3aTuE7ssaQ==",
      "license": "MIT",
      "engines": {
        "node": ">=6"
      }
    },
    "node_modules/caniuse-lite": {
      "version": "1.0.30001814",
      "resolved": "https://registry.npmjs.org/caniuse-lite/-/caniuse-lite-1.0.30001814.tgz",
      "integrity": "sha512-/Uaf1lAzr59XcMpW0o96WoEfr+VXK2OX4U9AgFoiSHsVJ4HppnIFUjtYzsyDH2+tgANaQb2/oxYGwCPapN1FpA==",
      "funding": [
        {
          "type": "opencollective",
          "url": "https://opencollective.com/browserslist"
        },
        {
          "type": "tidelift",
          "url": "https://tidelift.com/funding/github/npm/caniuse-lite"
        },
        {
          "type": "github",
          "url": "https://github.com/sponsors/ai"
        }
      ],
      "license": "CC-BY-4.0"
    },
    "node_modules/debug": {
      "version": "4.4.3",
      "resolved": "https://registry.npmjs.org/debug/-/debug-4.4.3.tgz",
      "integrity": "sha512-RGwwWnwQvkVfavKVt22FGLw+xYSdzARwm0ru6DhTVA3umU5hZc28V3kO4stgYryrTlLpuvgI9GiijltAjNbcqA==",
      "license": "MIT",
      "dependencies": {
        "ms": "^2.1.3"
      },
      "engines": {
        "node": ">=6.0"
      },
      "peerDependenciesMeta": {
        "supports-color": {
          "optional": true
        }
      }
    },
    "node_modules/dot-prop": {
      "version": "6.0.1",
      "resolved": "https://registry.npmjs.org/dot-prop/-/dot-prop-6.0.1.tgz",
      "integrity": "sha512-tE7ztYzXHIeyvc7N+hR3oi7FIbf/NIjVP9hmAt3yMXzrQ072/fpjGLx2GxNxGxUl5V73MEqYzioOMoVhGMJ5cA==",
      "license": "MIT",
      "dependencies": {
        "is-obj": "^2.0.0"
      },
      "engines": {
        "node": ">=10"
      },
      "funding": {
        "url": "https://github.com/sponsors/sindresorhus"
      }
    },
    "node_modules/electron": {
      "version": "44.5.1",
      "resolved": "https://registry.npmjs.org/electron/-/electron-44.5.1.tgz",
      "integrity": "sha512-lx7AYoFIiyvEvgvpyWO9kOC60xtNPpiPZAth6Fmg9NutzpCAMLwpUlaBY2EXfZyIgUdzEmLMj9KvK0Vrokl1yQ==",
      "dev": true,
      "license": "MIT",
      "dependencies": {
        "@electron-internal/extract-zip": "^1.0.1",
        "@electron/get": "^5.0.0",
        "@types/node": "^24.9.0"
      },
      "bin": {
        "electron": "cli.js",
        "install-electron": "install.js"
      },
      "engines": {
        "node": ">= 22.12.0"
      }
    },
    "node_modules/electron-to-chromium": {
      "version": "1.5.444",
      "resolved": "https://registry.npmjs.org/electron-to-chromium/-/electron-to-chromium-1.5.444.tgz",
      "integrity": "sha512-5ss/uJfoDYDHT0lfJzT6FbcskIzROIOPf0BbbFkGcvDzoJU7i//9GDrwwIHQVmIsrAGiF3ihpADBRIsrEFt1rQ==",
      "license": "ISC"
    },
    "node_modules/env-paths": {
      "version": "3.0.0",
      "resolved": "https://registry.npmjs.org/env-paths/-/env-paths-3.0.0.tgz",
      "integrity": "sha512-dtJUTepzMW3Lm/NPxRf3wP4642UWhjL2sQxc+ym2YMj1m/H2zDNQOlezafzkHwn6sMstjHTwG6iQQsctDW/b1A==",
      "dev": true,
      "license": "MIT",
      "engines": {
        "node": "^12.20.0 || ^14.13.1 || >=16.0.0"
      },
      "funding": {
        "url": "https://github.com/sponsors/sindresorhus"
      }
    },
    "node_modules/escalade": {
      "version": "3.2.0",
      "resolved": "https://registry.npmjs.org/escalade/-/escalade-3.2.0.tgz",
      "integrity": "sha512-WUj2qlxaQtO4g6Pq5c29GTcWGDyd8itL8zTlipgECz3JesAiiOKotd8JU6otB3PACgG6xkJUyVhboMS+bje/jA==",
      "license": "MIT",
      "engines": {
        "node": ">=6"
      }
    },
    "node_modules/fingerprint-generator": {
      "version": "2.1.88",
      "resolved": "https://registry.npmjs.org/fingerprint-generator/-/fingerprint-generator-2.1.88.tgz",
      "integrity": "sha512-rwYKE/UZTAnfu3DoBgFH+otrRewvkscG8TkiDY8xw7QBga0evHoL7H70HrtP/CBqjspVrfqE7ZYt7qDM3dYk+g==",
      "license": "Apache-2.0",
      "dependencies": {
        "generative-bayesian-network": "2.1.88",
        "header-generator": "2.1.88",
        "tslib": "^2.4.0"
      },
      "engines": {
        "node": ">=16.0.0"
      }
    },
    "node_modules/generative-bayesian-network": {
      "version": "2.1.88",
      "resolved": "https://registry.npmjs.org/generative-bayesian-network/-/generative-bayesian-network-2.1.88.tgz",
      "integrity": "sha512-kxbW6CCsiEAVdBYPont/6ZVOa47Pyfv5ldYFIvj8wmOx9uQOZ4c8wdR0jEf2pE6DeVuIAfmolm+91bYne6/3uA==",
      "license": "Apache-2.0",
      "dependencies": {
        "adm-zip": "^0.6.0",
        "tslib": "^2.4.0"
      }
    },
    "node_modules/graceful-fs": {
      "version": "4.2.11",
      "resolved": "https://registry.npmjs.org/graceful-fs/-/graceful-fs-4.2.11.tgz",
      "integrity": "sha512-RbJ5/jmFcNNCcDV5o9eTnBLJ/HszWV0P73bc+Ff4nS/rJj+YaS6IGyiOL0VoBYX+l1Wrl3k63h/KrH+nhJ0XvQ==",
      "dev": true,
      "license": "ISC"
    },
    "node_modules/header-generator": {
      "version": "2.1.88",
      "resolved": "https://registry.npmjs.org/header-generator/-/header-generator-2.1.88.tgz",
      "integrity": "sha512-12GkTL1CDaPTQ6gkd8TPwxNtn7t3wSExnWU9qgWfEDh8IqpD1NAVcvzfHphIzULez8WP2DK9YQsDegajjDdTKQ==",
      "license": "Apache-2.0",
      "dependencies": {
        "browserslist": "^4.21.1",
        "generative-bayesian-network": "2.1.88",
        "ow": "^0.28.1",
        "tslib": "^2.4.0"
      },
      "engines": {
        "node": ">=16.0.0"
      }
    },
    "node_modules/ip-address": {
      "version": "10.7.3",
      "resolved": "https://registry.npmjs.org/ip-address/-/ip-address-10.7.3.tgz",
      "integrity": "sha512-A1kdq/tSb5QjvKvAMgIoEvDBIgL7qaqVP/jkvSwYYRZ9iEzvPpopxp2wQfu3SuZRHtpHNxMn8Fs0bS+gf5Xmwg==",
      "license": "MIT",
      "engines": {
        "node": ">= 12"
      }
    },
    "node_modules/is-obj": {
      "version": "2.0.0",
      "resolved": "https://registry.npmjs.org/is-obj/-/is-obj-2.0.0.tgz",
      "integrity": "sha512-drqDG3cbczxxEJRoOXcOjtdp1J/lyp1mNn0xaznRs8+muBhgQcrnbspox5X5fOw0HnMnbfDzvnEMEtqDEJEo8w==",
      "license": "MIT",
      "engines": {
        "node": ">=8"
      }
    },
    "node_modules/lodash.isequal": {
      "version": "4.5.0",
      "resolved": "https://registry.npmjs.org/lodash.isequal/-/lodash.isequal-4.5.0.tgz",
      "integrity": "sha512-pDo3lu8Jhfjqls6GkMgpahsF9kCyayhgykjyLMNFTKWrpVdAQtYyB4muAMWozBB4ig/dtWAmsMxLEI8wuz+DYQ==",
      "deprecated": "This package is deprecated. Use require('node:util').isDeepStrictEqual instead.",
      "license": "MIT"
    },
    "node_modules/ms": {
      "version": "2.1.3",
      "resolved": "https://registry.npmjs.org/ms/-/ms-2.1.3.tgz",
      "integrity": "sha512-6FlzubTLZG3J2a/NVCAleEhjzq5oxgHyaCU9yYXvcLsvoVaHJq/s5xXI6/XXP6tz7R9xAOtHnSO/tXtF3WRTlA==",
      "license": "MIT"
    },
    "node_modules/node-releases": {
      "version": "2.0.57",
      "resolved": "https://registry.npmjs.org/node-releases/-/node-releases-2.0.57.tgz",
      "integrity": "sha512-kQK9LGGFiHtrWiNhZtA7Qbw17AQz+dmsEKODRIVTXA9+e5MS/2gZEBhYJt13GrAz5/IOZKddH/0Z3TP/Zgo+yw==",
      "license": "MIT",
      "engines": {
        "node": ">=18"
      }
    },
    "node_modules/ow": {
      "version": "0.28.2",
      "resolved": "https://registry.npmjs.org/ow/-/ow-0.28.2.tgz",
      "integrity": "sha512-dD4UpyBh/9m4X2NVjA+73/ZPBRF+uF4zIMFvvQsabMiEK8x41L3rQ8EENOi35kyyoaJwNxEeJcP6Fj1H4U409Q==",
      "license": "MIT",
      "dependencies": {
        "@sindresorhus/is": "^4.2.0",
        "callsites": "^3.1.0",
        "dot-prop": "^6.0.1",
        "lodash.isequal": "^4.5.0",
        "vali-date": "^1.0.0"
      },
      "engines": {
        "node": ">=12"
      },
      "funding": {
        "url": "https://github.com/sponsors/sindresorhus"
      }
    },
    "node_modules/picocolors": {
      "version": "1.1.1",
      "resolved": "https://registry.npmjs.org/picocolors/-/picocolors-1.1.1.tgz",
      "integrity": "sha512-xceH2snhtb5M9liqDsmEw56le376mTZkEX/jEb/RxNFyegNul7eNslCXP9FDj/Lcu0X8KEyMceP2ntpaHrDEVA==",
      "license": "ISC"
    },
    "node_modules/playwright-core": {
      "version": "1.63.0",
      "resolved": "https://registry.npmjs.org/playwright-core/-/playwright-core-1.63.0.tgz",
      "integrity": "sha512-rYCsBF/M5HjUch52bbtVONEFjv6Xu8sm8h72dNlR5bzIE1fvC/bxgspzkjSfU+MweEMmPM8KJebG6nnyxo5mCg==",
      "dev": true,
      "license": "Apache-2.0",
      "bin": {
        "playwright-core": "cli.js"
      },
      "engines": {
        "node": ">=20"
      }
    },
    "node_modules/progress": {
      "version": "2.0.3",
      "resolved": "https://registry.npmjs.org/progress/-/progress-2.0.3.tgz",
      "integrity": "sha512-7PiHtLll5LdnKIMw100I+8xJXR5gW2QwWYkT6iJva0bXitZKa/XMrSbdmg3r2Xnaidz9Qumd0VPaMrZlF9V9sA==",
      "dev": true,
      "license": "MIT",
      "engines": {
        "node": ">=0.4.0"
      }
    },
    "node_modules/proxy-chain": {
      "version": "3.0.1",
      "resolved": "https://registry.npmjs.org/proxy-chain/-/proxy-chain-3.0.1.tgz",
      "integrity": "sha512-ZISgL5pwUBXcijycj9ofC8wbJ9GmSEka71kn4dzjphDxfZcecQ6uvU2NWuyQcGdEf0XfscXWDs3KKgjxeQXTZw==",
      "license": "Apache-2.0",
      "dependencies": {
        "socks": "^2.8.3",
        "socks-proxy-agent": "^10.1.0",
        "tslib": "^2.3.1"
      },
      "engines": {
        "node": ">=20.11"
      }
    },
    "node_modules/semver": {
      "version": "7.8.5",
      "resolved": "https://registry.npmjs.org/semver/-/semver-7.8.5.tgz",
      "integrity": "sha512-Y7/KDsb8LjooZpwaqGyulO6DQlksgCncchHGk+sZIY4SBvUocMBEFH5Ur1fI4dV+Jvl0w6cjvucaIi40puRioA==",
      "dev": true,
      "license": "ISC",
      "bin": {
        "semver": "bin/semver.js"
      },
      "engines": {
        "node": ">=10"
      }
    },
    "node_modules/smart-buffer": {
      "version": "4.2.0",
      "resolved": "https://registry.npmjs.org/smart-buffer/-/smart-buffer-4.2.0.tgz",
      "integrity": "sha512-94hK0Hh8rPqQl2xXc3HsaBoOXKV20MToPkcXvwbISWLEs+64sBq5kFgn2kJDHb1Pry9yrP0dxrCI9RRci7RXKg==",
      "license": "MIT",
      "engines": {
        "node": ">= 6.0.0",
        "npm": ">= 3.0.0"
      }
    },
    "node_modules/socks": {
      "version": "2.8.10",
      "resolved": "https://registry.npmjs.org/socks/-/socks-2.8.10.tgz",
      "integrity": "sha512-e0VyvkVTwVYViNovRkZ9aodhxVlyoMn7eJhVUPxZ+eK9P/7CBkxvvsBOHqFPEH416726W8tLXXXjKwqgTErrCQ==",
      "license": "MIT",
      "dependencies": {
        "ip-address": "^10.1.1",
        "smart-buffer": "^4.2.0"
      },
      "engines": {
        "node": ">= 10.0.0",
        "npm": ">= 3.0.0"
      }
    },
    "node_modules/socks-proxy-agent": {
      "version": "10.1.0",
      "resolved": "https://registry.npmjs.org/socks-proxy-agent/-/socks-proxy-agent-10.1.0.tgz",
      "integrity": "sha512-WlMj/67cEJ6MDI1OcsnjuYKDNDoyPCCYZ249kuuXPiMDw9F8PXkVaQ7YWu3siTydfQ/4BEZcvGzu+aYvz7dDCQ==",
      "license": "MIT",
      "dependencies": {
        "agent-base": "9.0.0",
        "debug": "^4.3.4",
        "socks": "^2.8.3"
      },
      "engines": {
        "node": ">= 20"
      }
    },
    "node_modules/sumchecker": {
      "version": "3.0.1",
      "resolved": "https://registry.npmjs.org/sumchecker/-/sumchecker-3.0.1.tgz",
      "integrity": "sha512-MvjXzkz/BOfyVDkG0oFOtBxHX2u3gKbMHIF/dXblZsgD3BWOFLmHovIpZY7BykJdAjcqRCBi1WYBNdEC9yI7vg==",
      "dev": true,
      "license": "Apache-2.0",
      "dependencies": {
        "debug": "^4.1.0"
      },
      "engines": {
        "node": ">= 8.0"
      }
    },
    "node_modules/tslib": {
      "version": "2.8.1",
      "resolved": "https://registry.npmjs.org/tslib/-/tslib-2.8.1.tgz",
      "integrity": "sha512-oJFu94HQb+KVduSUQL7wnpmqnfmLsOA/nAh6b6EH0wCEoK0/mPeXU6c3wKDV83MkOuHPRHtSXKKU99IBazS/2w==",
      "license": "0BSD"
    },
    "node_modules/undici": {
      "version": "7.30.0",
      "resolved": "https://registry.npmjs.org/undici/-/undici-7.30.0.tgz",
      "integrity": "sha512-dkrQXeHSaoamnItlYbmzG0wFYrM0ZwDxCIg0A7aKjTyyhh9svRzCNFEzV+Vm05/yehjCzjDZ31KXfGEjYSztDQ==",
      "dev": true,
      "license": "MIT",
      "optional": true,
      "engines": {
        "node": ">=20.18.1"
      }
    },
    "node_modules/undici-types": {
      "version": "7.24.6",
      "resolved": "https://registry.npmjs.org/undici-types/-/undici-types-7.24.6.tgz",
      "integrity": "sha512-WRNW+sJgj5OBN4/0JpHFqtqzhpbnV0GuB+OozA9gCL7a993SmU+1JBZCzLNxYsbMfIeDL+lTsphD5jN5N+n0zg==",
      "dev": true,
      "license": "MIT"
    },
    "node_modules/update-browserslist-db": {
      "version": "1.3.3",
      "resolved": "https://registry.npmjs.org/update-browserslist-db/-/update-browserslist-db-1.3.3.tgz",
      "integrity": "sha512-pJ2sYawQS0R/WI928Gj5GlPhTGzbMelq0+4INtSYNDV9ErKJcX6xjGWkoG/VnB3dpUm00zALaqkrUD77pO5TDQ==",
      "funding": [
        {
          "type": "opencollective",
          "url": "https://opencollective.com/browserslist"
        },
        {
          "type": "tidelift",
          "url": "https://tidelift.com/funding/github/npm/browserslist"
        },
        {
          "type": "github",
          "url": "https://github.com/sponsors/ai"
        }
      ],
      "license": "MIT",
      "dependencies": {
        "escalade": "^3.2.0",
        "picocolors": "^1.1.1"
      },
      "bin": {
        "update-browserslist-db": "cli.js"
      },
      "peerDependencies": {
        "browserslist": ">= 4.21.0"
      }
    },
    "node_modules/vali-date": {
      "version": "1.0.0",
      "resolved": "https://registry.npmjs.org/vali-date/-/vali-date-1.0.0.tgz",
      "integrity": "sha512-sgECfZthyaCKW10N0fm27cg8HYTFK5qMWgypqkXMQ4Wbl/zZKx7xZICgcoxIIE+WFAP/MBL2EFwC/YvLxw3Zeg==",
      "license": "MIT",
      "engines": {
        "node": ">=0.10.0"
      }
    }
  }
}
